
Microsoft Visual Studio Solution File, Format Version 12.00
# Visual Studio Version 16
VisualStudioVersion = 16.0.29613.14
MinimumVisualStudioVersion = 10.0.40219.1
Project("{9A19103F-16F7-4668-BE54-9A1E7A4F7556}") = "Forecast.Web", "Forecast.Web\Forecast.Web.csproj", "{1FCDFD3F-9EF1-4E64-97C6-FD22CC3E048C}"
EndProject
Project("{9A19103F-16F7-4668-BE54-9A1E7A4F7556}") = "Forecast.BL", "Forecast.BL\Forecast.BL.csproj", "{D660EE1D-E688-42A5-8AF9-AFE6071E415C}"
EndProject
Project("{9A19103F-16F7-4668-BE54-9A1E7A4F7556}") = "Forecast.DA", "Forecast.DA\Forecast.DA.csproj", "{8A768AD2-FE86-4746-9987-594E424A051D}"
EndProject
Global
	GlobalSection(SolutionConfigurationPlatforms) = preSolution
		Debug|Any CPU = Debug|Any CPU
		Release|Any CPU = Release|Any CPU
	EndGlobalSection
	GlobalSection(ProjectConfigurationPlatforms) = postSolution
		{1FCDFD3F-9EF1-4E64-97C6-FD22CC3E048C}.Debug|Any CPU.ActiveCfg = Debug|Any CPU
		{1FCDFD3F-9EF1-4E64-97C6-FD22CC3E048C}.Debug|Any CPU.Build.0 = Debug|Any CPU
		{1FCDFD3F-9EF1-4E64-97C6-FD22CC3E048C}.Release|Any CPU.ActiveCfg = Release|Any CPU
		{1FCDFD3F-9EF1-4E64-97C6-FD22CC3E048C}.Release|Any CPU.Build.0 = Release|Any CPU
		{D660EE1D-E688-42A5-8AF9-AFE6071E415C}.Debug|Any CPU.ActiveCfg = Debug|Any CPU
		{D660EE1D-E688-42A5-8AF9-AFE6071E415C}.Debug|Any CPU.Build.0 = Debug|Any CPU
		{D660EE1D-E688-42A5-8AF9-AFE6071E415C}.Release|Any CPU.ActiveCfg = Release|Any CPU
		{D660EE1D-E688-42A5-8AF9-AFE6071E415C}.Release|Any CPU.Build.0 = Release|Any CPU
		{8A768AD2-FE86-4746-9987-594E424A051D}.Debug|Any CPU.ActiveCfg = Debug|Any CPU
		{8A768AD2-FE86-4746-9987-594E424A051D}.Debug|Any CPU.Build.0 = Debug|Any CPU
		{8A768AD2-FE86-4746-9987-594E424A051D}.Release|Any CPU.ActiveCfg = Release|Any CPU
		{8A768AD2-FE86-4746-9987-594E424A051D}.Release|Any CPU.Build.0 = Release|Any CPU
	EndGlobalSection
	GlobalSection(SolutionProperties) = preSolution
		HideSolutionNode = FALSE
	EndGlobalSection
	GlobalSection(ExtensibilityGlobals) = postSolution
		SolutionGuid = {2C51350C-D391-401C-9BAE-104A82E3A6FC}
	EndGlobalSection
EndGlobal
